
Microsoft Visual Studio Solution File, Format Version 12.00
# Visual Studio Version 17
VisualStudioVersion = 17.0.31903.59
MinimumVisualStudioVersion = 10.0.40219.1
Project("{FAE04EC0-301F-11D3-BF4B-00C04F79EFBC}") = "Test", "Test\Test.csproj", "{CE4BB2FA-C6F0-4E3F-AA3C-80AF245DE5AD}"
EndProject
Project("{FAE04EC0-301F-11D3-BF4B-00C04F79EFBC}") = "Api", "Api\Api.csproj", "{72822858-0344-4F88-A860-84CF04933560}"
EndProject
Project("{FAE04EC0-301F-11D3-BF4B-00C04F79EFBC}") = "DataAccess", "DataAccess\DataAccess.csproj", "{A3F4CC05-459A-400E-A7BD-C8E06DC893D0}"
EndProject
Global
	GlobalSection(SolutionConfigurationPlatforms) = preSolution
		Debug|Any CPU = Debug|Any CPU
		Release|Any CPU = Release|Any CPU
	EndGlobalSection
	GlobalSection(SolutionProperties) = preSolution
		HideSolutionNode = FALSE
	EndGlobalSection
	GlobalSection(ProjectConfigurationPlatforms) = postSolution
		{CE4BB2FA-C6F0-4E3F-AA3C-80AF245DE5AD}.Debug|Any CPU.ActiveCfg = Debug|Any CPU
		{CE4BB2FA-C6F0-4E3F-AA3C-80AF245DE5AD}.Debug|Any CPU.Build.0 = Debug|Any CPU
		{CE4BB2FA-C6F0-4E3F-AA3C-80AF245DE5AD}.Release|Any CPU.ActiveCfg = Release|Any CPU
		{CE4BB2FA-C6F0-4E3F-AA3C-80AF245DE5AD}.Release|Any CPU.Build.0 = Release|Any CPU
		{72822858-0344-4F88-A860-84CF04933560}.Debug|Any CPU.ActiveCfg = Debug|Any CPU
		{72822858-0344-4F88-A860-84CF04933560}.Debug|Any CPU.Build.0 = Debug|Any CPU
		{72822858-0344-4F88-A860-84CF04933560}.Release|Any CPU.ActiveCfg = Release|Any CPU
		{72822858-0344-4F88-A860-84CF04933560}.Release|Any CPU.Build.0 = Release|Any CPU
		{A3F4CC05-459A-400E-A7BD-C8E06DC893D0}.Debug|Any CPU.ActiveCfg = Debug|Any CPU
		{A3F4CC05-459A-400E-A7BD-C8E06DC893D0}.Debug|Any CPU.Build.0 = Debug|Any CPU
		{A3F4CC05-459A-400E-A7BD-C8E06DC893D0}.Release|Any CPU.ActiveCfg = Release|Any CPU
		{A3F4CC05-459A-400E-A7BD-C8E06DC893D0}.Release|Any CPU.Build.0 = Release|Any CPU
	EndGlobalSection
EndGlobal
